
Microsoft Visual Studio Solution File, Format Version 12.00
# Visual Studio Version 17
VisualStudioVersion = 17.8.34330.188
MinimumVisualStudioVersion = 10.0.40219.1
Project("{FAE04EC0-301F-11D3-BF4B-00C04F79EFBC}") = "WebApplication2", "WebApplication2.csproj", "{EC60FB5A-7919-4A89-A321-C64B51C044FA}"
EndProject
Global
	GlobalSection(SolutionConfigurationPlatforms) = preSolution
		Debug|Any CPU = Debug|Any CPU
		Release|Any CPU = Release|Any CPU
	EndGlobalSection
	GlobalSection(ProjectConfigurationPlatforms) = postSolution
		{EC60FB5A-7919-4A89-A321-C64B51C044FA}.Debug|Any CPU.ActiveCfg = Debug|Any CPU
		{EC60FB5A-7919-4A89-A321-C64B51C044FA}.Debug|Any CPU.Build.0 = Debug|Any CPU
		{EC60FB5A-7919-4A89-A321-C64B51C044FA}.Release|Any CPU.ActiveCfg = Release|Any CPU
		{EC60FB5A-7919-4A89-A321-C64B51C044FA}.Release|Any CPU.Build.0 = Release|Any CPU
	EndGlobalSection
	GlobalSection(SolutionProperties) = preSolution
		HideSolutionNode = FALSE
	EndGlobalSection
	GlobalSection(ExtensibilityGlobals) = postSolution
		SolutionGuid = {14F485CB-BC06-48FA-A344-29BDC71FDABA}
	EndGlobalSection
EndGlobal
